// !$*UTF8*$!
{
	archiveVersion = 1;
	classes = {
	};
	objectVersion = 46;
	objects = {

/* Begin PBXBuildFile section */
		1A94D10D1ECD4D7E00CFB290 /* UINavigationBar+WRAddition.m in Sources */ = {isa = PBXBuildFile; fileRef = 1A94D10C1ECD4D7E00CFB290 /* UINavigationBar+WRAddition.m */; };
		1ABA46521E99EAC2007D08BA /* main.m in Sources */ = {isa = PBXBuildFile; fileRef = 1ABA46511E99EAC2007D08BA /* main.m */; };
		1ABA46551E99EAC2007D08BA /* AppDelegate.m in Sources */ = {isa = PBXBuildFile; fileRef = 1ABA46541E99EAC2007D08BA /* AppDelegate.m */; };
		1ABA465B1E99EAC2007D08BA /* Main.storyboard in Resources */ = {isa = PBXBuildFile; fileRef = 1ABA46591E99EAC2007D08BA /* Main.storyboard */; };
		1ABA465D1E99EAC2007D08BA /* Assets.xcassets in Resources */ = {isa = PBXBuildFile; fileRef = 1ABA465C1E99EAC2007D08BA /* Assets.xcassets */; };
		1ABA46601E99EAC2007D08BA /* LaunchScreen.storyboard in Resources */ = {isa = PBXBuildFile; fileRef = 1ABA465E1E99EAC2007D08BA /* LaunchScreen.storyboard */; };
		1ABA466B1E99EAC2007D08BA /* StoryBoardDemoTests.m in Sources */ = {isa = PBXBuildFile; fileRef = 1ABA466A1E99EAC2007D08BA /* StoryBoardDemoTests.m */; };
		1ABA467B1E9A28E4007D08BA /* FirstViewController.m in Sources */ = {isa = PBXBuildFile; fileRef = 1ABA467A1E9A28E4007D08BA /* FirstViewController.m */; };
		1AEB39AA1E9B558A00981BBB /* SecondViewController.m in Sources */ = {isa = PBXBuildFile; fileRef = 1AEB39A91E9B558A00981BBB /* SecondViewController.m */; };
/* End PBXBuildFile section */

/* Begin PBXContainerItemProxy section */
		1ABA46671E99EAC2007D08BA /* PBXContainerItemProxy */ = {
			isa = PBXContainerItemProxy;
			containerPortal = 1ABA46451E99EAC2007D08BA /* Project object */;
			proxyType = 1;
			remoteGlobalIDString = 1ABA464C1E99EAC2007D08BA;
			remoteInfo = StoryBoardDemo;
		};
/* End PBXContainerItemProxy section */

/* Begin PBXFileReference section */
		1A94D10B1ECD4D7E00CFB290 /* UINavigationBar+WRAddition.h */ = {isa = PBXFileReference; fileEncoding = 4; lastKnownFileType = sourcecode.c.h; path = "UINavigationBar+WRAddition.h"; sourceTree = "<group>"; };
		1A94D10C1ECD4D7E00CFB290 /* UINavigationBar+WRAddition.m */ = {isa = PBXFileReference; fileEncoding = 4; lastKnownFileType = sourcecode.c.objc; path = "UINavigationBar+WRAddition.m"; sourceTree = "<group>"; };
		1ABA464D1E99EAC2007D08BA /* StoryBoardDemo.app */ = {isa = PBXFileReference; explicitFileType = wrapper.application; includeInIndex = 0; path = StoryBoardDemo.app; sourceTree = BUILT_PRODUCTS_DIR; };
		1ABA46511E99EAC2007D08BA /* main.m */ = {isa = PBXFileReference; lastKnownFileType = sourcecode.c.objc; path = main.m; sourceTree = "<group>"; };
		1ABA46531E99EAC2007D08BA /* AppDelegate.h */ = {isa = PBXFileReference; lastKnownFileType = sourcecode.c.h; path = AppDelegate.h; sourceTree = "<group>"; };
		1ABA46541E99EAC2007D08BA /* AppDelegate.m */ = {isa = PBXFileReference; lastKnownFileType = sourcecode.c.objc; path = AppDelegate.m; sourceTree = "<group>"; };
		1ABA465A1E99EAC2007D08BA /* Base */ = {isa = PBXFileReference; lastKnownFileType = file.storyboard; name = Base; path = Base.lproj/Main.storyboard; sourceTree = "<group>"; };
		1ABA465C1E99EAC2007D08BA /* Assets.xcassets */ = {isa = PBXFileReference; lastKnownFileType = folder.assetcatalog; path = Assets.xcassets; sourceTree = "<group>"; };
		1ABA465F1E99EAC2007D08BA /* Base */ = {isa = PBXFileReference; lastKnownFileType = file.storyboard; name = Base; path = Base.lproj/LaunchScreen.storyboard; sourceTree = "<group>"; };
		1ABA46611E99EAC2007D08BA /* Info.plist */ = {isa = PBXFileReference; lastKnownFileType = text.plist.xml; path = Info.plist; sourceTree = "<group>"; };
		1ABA46661E99EAC2007D08BA /* StoryBoardDemoTests.xctest */ = {isa = PBXFileReference; explicitFileType = wrapper.cfbundle; includeInIndex = 0; path = StoryBoardDemoTests.xctest; sourceTree = BUILT_PRODUCTS_DIR; };
		1ABA466A1E99EAC2007D08BA /* StoryBoardDemoTests.m */ = {isa = PBXFileReference; lastKnownFileType = sourcecode.c.objc; path = StoryBoardDemoTests.m; sourceTree = "<group>"; };
		1ABA466C1E99EAC2007D08BA /* Info.plist */ = {isa = PBXFileReference; lastKnownFileType = text.plist.xml; path = Info.plist; sourceTree = "<group>"; };
		1ABA46791E9A28E4007D08BA /* FirstViewController.h */ = {isa = PBXFileReference; fileEncoding = 4; lastKnownFileType = sourcecode.c.h; path = FirstViewController.h; sourceTree = "<group>"; };
		1ABA467A1E9A28E4007D08BA /* FirstViewController.m */ = {isa = PBXFileReference; fileEncoding = 4; lastKnownFileType = sourcecode.c.objc; path = FirstViewController.m; sourceTree = "<group>"; };
		1AEB39A81E9B558A00981BBB /* SecondViewController.h */ = {isa = PBXFileReference; fileEncoding = 4; lastKnownFileType = sourcecode.c.h; path = SecondViewController.h; sourceTree = "<group>"; };
		1AEB39A91E9B558A00981BBB /* SecondViewController.m */ = {isa = PBXFileReference; fileEncoding = 4; lastKnownFileType = sourcecode.c.objc; path = SecondViewController.m; sourceTree = "<group>"; };
/* End PBXFileReference section */

/* Begin PBXFrameworksBuildPhase section */
		1ABA464A1E99EAC2007D08BA /* Frameworks */ = {
			isa = PBXFrameworksBuildPhase;
			buildActionMask = 2147483647;
			files = (
			);
			runOnlyForDeploymentPostprocessing = 0;
		};
		1ABA46631E99EAC2007D08BA /* Frameworks */ = {
			isa = PBXFrameworksBuildPhase;
			buildActionMask = 2147483647;
			files = (
			);
			runOnlyForDeploymentPostprocessing = 0;
		};
/* End PBXFrameworksBuildPhase section */

/* Begin PBXGroup section */
		1A94D10A1ECD4D7E00CFB290 /* WRNavigationBar */ = {
			isa = PBXGroup;
			children = (
				1A94D10B1ECD4D7E00CFB290 /* UINavigationBar+WRAddition.h */,
				1A94D10C1ECD4D7E00CFB290 /* UINavigationBar+WRAddition.m */,
			);
			path = WRNavigationBar;
			sourceTree = "<group>";
		};
		1ABA46441E99EAC2007D08BA = {
			isa = PBXGroup;
			children = (
				1ABA464F1E99EAC2007D08BA /* StoryBoardDemo */,
				1ABA46691E99EAC2007D08BA /* StoryBoardDemoTests */,
				1ABA464E1E99EAC2007D08BA /* Products */,
			);
			sourceTree = "<group>";
		};
		1ABA464E1E99EAC2007D08BA /* Products */ = {
			isa = PBXGroup;
			children = (
				1ABA464D1E99EAC2007D08BA /* StoryBoardDemo.app */,
				1ABA46661E99EAC2007D08BA /* StoryBoardDemoTests.xctest */,
			);
			name = Products;
			sourceTree = "<group>";
		};
		1ABA464F1E99EAC2007D08BA /* StoryBoardDemo */ = {
			isa = PBXGroup;
			children = (
				1A94D10A1ECD4D7E00CFB290 /* WRNavigationBar */,
				1ABA46531E99EAC2007D08BA /* AppDelegate.h */,
				1ABA46541E99EAC2007D08BA /* AppDelegate.m */,
				1ABA46791E9A28E4007D08BA /* FirstViewController.h */,
				1ABA467A1E9A28E4007D08BA /* FirstViewController.m */,
				1AEB39A81E9B558A00981BBB /* SecondViewController.h */,
				1AEB39A91E9B558A00981BBB /* SecondViewController.m */,
				1ABA46591E99EAC2007D08BA /* Main.storyboard */,
				1ABA465C1E99EAC2007D08BA /* Assets.xcassets */,
				1ABA465E1E99EAC2007D08BA /* LaunchScreen.storyboard */,
				1ABA46611E99EAC2007D08BA /* Info.plist */,
				1ABA46501E99EAC2007D08BA /* Supporting Files */,
			);
			path = StoryBoardDemo;
			sourceTree = "<group>";
		};
		1ABA46501E99EAC2007D08BA /* Supporting Files */ = {
			isa = PBXGroup;
			children = (
				1ABA46511E99EAC2007D08BA /* main.m */,
			);
			name = "Supporting Files";
			sourceTree = "<group>";
		};
		1ABA46691E99EAC2007D08BA /* StoryBoardDemoTests */ = {
			isa = PBXGroup;
			children = (
				1ABA466A1E99EAC2007D08BA /* StoryBoardDemoTests.m */,
				1ABA466C1E99EAC2007D08BA /* Info.plist */,
			);
			path = StoryBoardDemoTests;
			sourceTree = "<group>";
		};
/* End PBXGroup section */

/* Begin PBXNativeTarget section */
		1ABA464C1E99EAC2007D08BA /* StoryBoardDemo */ = {
			isa = PBXNativeTarget;
			buildConfigurationList = 1ABA466F1E99EAC2007D08BA /* Build configuration list for PBXNativeTarget "StoryBoardDemo" */;
			buildPhases = (
				1ABA46491E99EAC2007D08BA /* Sources */,
				1ABA464A1E99EAC2007D08BA /* Frameworks */,
				1ABA464B1E99EAC2007D08BA /* Resources */,
			);
			buildRules = (
			);
			dependencies = (
			);
			name = StoryBoardDemo;
			productName = StoryBoardDemo;
			productReference = 1ABA464D1E99EAC2007D08BA /* StoryBoardDemo.app */;
			productType = "com.apple.product-type.application";
		};
		1ABA46651E99EAC2007D08BA /* StoryBoardDemoTests */ = {
			isa = PBXNativeTarget;
			buildConfigurationList = 1ABA46721E99EAC2007D08BA /* Build configuration list for PBXNativeTarget "StoryBoardDemoTests" */;
			buildPhases = (
				1ABA46621E99EAC2007D08BA /* Sources */,
				1ABA46631E99EAC2007D08BA /* Frameworks */,
				1ABA46641E99EAC2007D08BA /* Resources */,
			);
			buildRules = (
			);
			dependencies = (
				1ABA46681E99EAC2007D08BA /* PBXTargetDependency */,
			);
			name = StoryBoardDemoTests;
			productName = StoryBoardDemoTests;
			productReference = 1ABA46661E99EAC2007D08BA /* StoryBoardDemoTests.xctest */;
			productType = "com.apple.product-type.bundle.unit-test";
		};
/* End PBXNativeTarget section */

/* Begin PBXProject section */
		1ABA46451E99EAC2007D08BA /* Project object */ = {
			isa = PBXProject;
			attributes = {
				LastUpgradeCheck = 0810;
				ORGANIZATIONNAME = wangrui;
				TargetAttributes = {
					1ABA464C1E99EAC2007D08BA = {
						CreatedOnToolsVersion = 8.1;
						DevelopmentTeam = 652U6LDTX4;
						ProvisioningStyle = Automatic;
					};
					1ABA46651E99EAC2007D08BA = {
						CreatedOnToolsVersion = 8.1;
						DevelopmentTeam = 652U6LDTX4;
						ProvisioningStyle = Automatic;
						TestTargetID = 1ABA464C1E99EAC2007D08BA;
					};
				};
			};
			buildConfigurationList = 1ABA46481E99EAC2007D08BA /* Build configuration list for PBXProject "StoryBoardDemo" */;
			compatibilityVersion = "Xcode 3.2";
			developmentRegion = English;
			hasScannedForEncodings = 0;
			knownRegions = (
				en,
				Base,
			);
			mainGroup = 1ABA46441E99EAC2007D08BA;
			productRefGroup = 1ABA464E1E99EAC2007D08BA /* Products */;
			projectDirPath = "";
			projectRoot = "";
			targets = (
				1ABA464C1E99EAC2007D08BA /* StoryBoardDemo */,
				1ABA46651E99EAC2007D08BA /* StoryBoardDemoTests */,
			);
		};
/* End PBXProject section */

/* Begin PBXResourcesBuildPhase section */
		1ABA464B1E99EAC2007D08BA /* Resources */ = {
			isa = PBXResourcesBuildPhase;
			buildActionMask = 2147483647;
			files = (
				1ABA46601E99EAC2007D08BA /* LaunchScreen.storyboard in Resources */,
				1ABA465D1E99EAC2007D08BA /* Assets.xcassets in Resources */,
				1ABA465B1E99EAC2007D08BA /* Main.storyboard in Resources */,
			);
			runOnlyForDeploymentPostprocessing = 0;
		};
		1ABA46641E99EAC2007D08BA /* Resources */ = {
			isa = PBXResourcesBuildPhase;
			buildActionMask = 2147483647;
			files = (
			);
			runOnlyForDeploymentPostprocessing = 0;
		};
/* End PBXResourcesBuildPhase section */

/* Begin PBXSourcesBuildPhase section */
		1ABA46491E99EAC2007D08BA /* Sources */ = {
			isa = PBXSourcesBuildPhase;
			buildActionMask = 2147483647;
			files = (
				1AEB39AA1E9B558A00981BBB /* SecondViewController.m in Sources */,
				1ABA46551E99EAC2007D08BA /* AppDelegate.m in Sources */,
				1ABA46521E99EAC2007D08BA /* main.m in Sources */,
				1A94D10D1ECD4D7E00CFB290 /* UINavigationBar+WRAddition.m in Sources */,
				1ABA467B1E9A28E4007D08BA /* FirstViewController.m in Sources */,
			);
			runOnlyForDeploymentPostprocessing = 0;
		};
		1ABA46621E99EAC2007D08BA /* Sources */ = {
			isa = PBXSourcesBuildPhase;
			buildActionMask = 2147483647;
			files = (
				1ABA466B1E99EAC2007D08BA /* StoryBoardDemoTests.m in Sources */,
			);
			runOnlyForDeploymentPostprocessing = 0;
		};
/* End PBXSourcesBuildPhase section */

/* Begin PBXTargetDependency section */
		1ABA46681E99EAC2007D08BA /* PBXTargetDependency */ = {
			isa = PBXTargetDependency;
			target = 1ABA464C1E99EAC2007D08BA /* StoryBoardDemo */;
			targetProxy = 1ABA46671E99EAC2007D08BA /* PBXContainerItemProxy */;
		};
/* End PBXTargetDependency section */

/* Begin PBXVariantGroup section */
		1ABA46591E99EAC2007D08BA /* Main.storyboard */ = {
			isa = PBXVariantGroup;
			children = (
				1ABA465A1E99EAC2007D08BA /* Base */,
			);
			name = Main.storyboard;
			sourceTree = "<group>";
		};
		1ABA465E1E99EAC2007D08BA /* LaunchScreen.storyboard */ = {
			isa = PBXVariantGroup;
			children = (
				1ABA465F1E99EAC2007D08BA /* Base */,
			);
			name = LaunchScreen.storyboard;
			sourceTree = "<group>";
		};
/* End PBXVariantGroup section */

/* Begin XCBuildConfiguration section */
		1ABA466D1E99EAC2007D08BA /* Debug */ = {
			isa = XCBuildConfiguration;
			buildSettings = {
				ALWAYS_SEARCH_USER_PATHS = NO;
				CLANG_ANALYZER_NONNULL = YES;
				CLANG_CXX_LANGUAGE_STANDARD = "gnu++0x";
				CLANG_CXX_LIBRARY = "libc++";
				CLANG_ENABLE_MODULES = YES;
				CLANG_ENABLE_OBJC_ARC = YES;
				CLANG_WARN_BOOL_CONVERSION = YES;
				CLANG_WARN_CONSTANT_CONVERSION = YES;
				CLANG_WARN_DIRECT_OBJC_ISA_USAGE = YES_ERROR;
				CLANG_WARN_DOCUMENTATION_COMMENTS = YES;
				CLANG_WARN_EMPTY_BODY = YES;
				CLANG_WARN_ENUM_CONVERSION = YES;
				CLANG_WARN_INFINITE_RECURSION = YES;
				CLANG_WARN_INT_CONVERSION = YES;
				CLANG_WARN_OBJC_ROOT_CLASS = YES_ERROR;
				CLANG_WARN_SUSPICIOUS_MOVES = YES;
				CLANG_WARN_UNREACHABLE_CODE = YES;
				CLANG_WARN__DUPLICATE_METHOD_MATCH = YES;
				"CODE_SIGN_IDENTITY[sdk=iphoneos*]" = "iPhone Developer";
				COPY_PHASE_STRIP = NO;
				DEBUG_INFORMATION_FORMAT = dwarf;
				ENABLE_STRICT_OBJC_MSGSEND = YES;
				ENABLE_TESTABILITY = YES;
				GCC_C_LANGUAGE_STANDARD = gnu99;
				GCC_DYNAMIC_NO_PIC = NO;
				GCC_NO_COMMON_BLOCKS = YES;
				GCC_OPTIMIZATION_LEVEL = 0;
				GCC_PREPROCESSOR_DEFINITIONS = (
					"DEBUG=1",
					"$(inherited)",
				);
				GCC_WARN_64_TO_32_BIT_CONVERSION = YES;
				GCC_WARN_ABOUT_RETURN_TYPE = YES_ERROR;
				GCC_WARN_UNDECLARED_SELECTOR = YES;
				GCC_WARN_UNINITIALIZED_AUTOS = YES_AGGRESSIVE;
				GCC_WARN_UNUSED_FUNCTION = YES;
				GCC_WARN_UNUSED_VARIABLE = YES;
				IPHONEOS_DEPLOYMENT_TARGET = 10.1;
				MTL_ENABLE_DEBUG_INFO = YES;
				ONLY_ACTIVE_ARCH = YES;
				SDKROOT = iphoneos;
				TARGETED_DEVICE_FAMILY = "1,2";
			};
			name = Debug;
		};
		1ABA466E1E99EAC2007D08BA /* Release */ = {
			isa = XCBuildConfiguration;
			buildSettings = {
				ALWAYS_SEARCH_USER_PATHS = NO;
				CLANG_ANALYZER_NONNULL = YES;
				CLANG_CXX_LANGUAGE_STANDARD = "gnu++0x";
				CLANG_CXX_LIBRARY = "libc++";
				CLANG_ENABLE_MODULES = YES;
				CLANG_ENABLE_OBJC_ARC = YES;
				CLANG_WARN_BOOL_CONVERSION = YES;
				CLANG_WARN_CONSTANT_CONVERSION = YES;
				CLANG_WARN_DIRECT_OBJC_ISA_USAGE = YES_ERROR;
				CLANG_WARN_DOCUMENTATION_COMMENTS = YES;
				CLANG_WARN_EMPTY_BODY = YES;
				CLANG_WARN_ENUM_CONVERSION = YES;
				CLANG_WARN_INFINITE_RECURSION = YES;
				CLANG_WARN_INT_CONVERSION = YES;
				CLANG_WARN_OBJC_ROOT_CLASS = YES_ERROR;
				CLANG_WARN_SUSPICIOUS_MOVES = YES;
				CLANG_WARN_UNREACHABLE_CODE = YES;
				CLANG_WARN__DUPLICATE_METHOD_MATCH = YES;
				"CODE_SIGN_IDENTITY[sdk=iphoneos*]" = "iPhone Developer";
				COPY_PHASE_STRIP = NO;
				DEBUG_INFORMATION_FORMAT = "dwarf-with-dsym";
				ENABLE_NS_ASSERTIONS = NO;
				ENABLE_STRICT_OBJC_MSGSEND = YES;
				GCC_C_LANGUAGE_STANDARD = gnu99;
				GCC_NO_COMMON_BLOCKS = YES;
				GCC_WARN_64_TO_32_BIT_CONVERSION = YES;
				GCC_WARN_ABOUT_RETURN_TYPE = YES_ERROR;
				GCC_WARN_UNDECLARED_SELECTOR = YES;
				GCC_WARN_UNINITIALIZED_AUTOS = YES_AGGRESSIVE;
				GCC_WARN_UNUSED_FUNCTION = YES;
				GCC_WARN_UNUSED_VARIABLE = YES;
				IPHONEOS_DEPLOYMENT_TARGET = 10.1;
				MTL_ENABLE_DEBUG_INFO = NO;
				SDKROOT = iphoneos;
				TARGETED_DEVICE_FAMILY = "1,2";
				VALIDATE_PRODUCT = YES;
			};
			name = Release;
		};
		1ABA46701E99EAC2007D08BA /* Debug */ = {
			isa = XCBuildConfiguration;
			buildSettings = {
				ASSETCATALOG_COMPILER_APPICON_NAME = AppIcon;
				DEVELOPMENT_TEAM = 652U6LDTX4;
				INFOPLIST_FILE = StoryBoardDemo/Info.plist;
				LD_RUNPATH_SEARCH_PATHS = "$(inherited) @executable_path/Frameworks";
				PRODUCT_BUNDLE_IDENTIFIER = video.wangrui.com.StoryBoardDemo;
				PRODUCT_NAME = "$(TARGET_NAME)";
			};
			name = Debug;
		};
		1ABA46711E99EAC2007D08BA /* Release */ = {
			isa = XCBuildConfiguration;
			buildSettings = {
				ASSETCATALOG_COMPILER_APPICON_NAME = AppIcon;
				DEVELOPMENT_TEAM = 652U6LDTX4;
				INFOPLIST_FILE = StoryBoardDemo/Info.plist;
				LD_RUNPATH_SEARCH_PATHS = "$(inherited) @executable_path/Frameworks";
				PRODUCT_BUNDLE_IDENTIFIER = video.wangrui.com.StoryBoardDemo;
				PRODUCT_NAME = "$(TARGET_NAME)";
			};
			name = Release;
		};
		1ABA46731E99EAC2007D08BA /* Debug */ = {
			isa = XCBuildConfiguration;
			buildSettings = {
				BUNDLE_LOADER = "$(TEST_HOST)";
				DEVELOPMENT_TEAM = 652U6LDTX4;
				INFOPLIST_FILE = StoryBoardDemoTests/Info.plist;
				LD_RUNPATH_SEARCH_PATHS = "$(inherited) @executable_path/Frameworks @loader_path/Frameworks";
				PRODUCT_BUNDLE_IDENTIFIER = video.wangrui.com.StoryBoardDemoTests;
				PRODUCT_NAME = "$(TARGET_NAME)";
				TEST_HOST = "$(BUILT_PRODUCTS_DIR)/StoryBoardDemo.app/StoryBoardDemo";
			};
			name = Debug;
		};
		1ABA46741E99EAC2007D08BA /* Release */ = {
			isa = XCBuildConfiguration;
			buildSettings = {
				BUNDLE_LOADER = "$(TEST_HOST)";
				DEVELOPMENT_TEAM = 652U6LDTX4;
				INFOPLIST_FILE = StoryBoardDemoTests/Info.plist;
				LD_RUNPATH_SEARCH_PATHS = "$(inherited) @executable_path/Frameworks @loader_path/Frameworks";
				PRODUCT_BUNDLE_IDENTIFIER = video.wangrui.com.StoryBoardDemoTests;
				PRODUCT_NAME = "$(TARGET_NAME)";
				TEST_HOST = "$(BUILT_PRODUCTS_DIR)/StoryBoardDemo.app/StoryBoardDemo";
			};
			name = Release;
		};
/* End XCBuildConfiguration section */

/* Begin XCConfigurationList section */
		1ABA46481E99EAC2007D08BA /* Build configuration list for PBXProject "StoryBoardDemo" */ = {
			isa = XCConfigurationList;
			buildConfigurations = (
				1ABA466D1E99EAC2007D08BA /* Debug */,
				1ABA466E1E99EAC2007D08BA /* Release */,
			);
			defaultConfigurationIsVisible = 0;
			defaultConfigurationName = Release;
		};
		1ABA466F1E99EAC2007D08BA /* Build configuration list for PBXNativeTarget "StoryBoardDemo" */ = {
			isa = XCConfigurationList;
			buildConfigurations = (
				1ABA46701E99EAC2007D08BA /* Debug */,
				1ABA46711E99EAC2007D08BA /* Release */,
			);
			defaultConfigurationIsVisible = 0;
			defaultConfigurationName = Release;
		};
		1ABA46721E99EAC2007D08BA /* Build configuration list for PBXNativeTarget "StoryBoardDemoTests" */ = {
			isa = XCConfigurationList;
			buildConfigurations = (
				1ABA46731E99EAC2007D08BA /* Debug */,
				1ABA46741E99EAC2007D08BA /* Release */,
			);
			defaultConfigurationIsVisible = 0;
			defaultConfigurationName = Release;
		};
/* End XCConfigurationList section */
	};
	rootObject = 1ABA46451E99EAC2007D08BA /* Project object */;
}
