// !$*UTF8*$!
{
	archiveVersion = 1;
	classes = {
	};
	objectVersion = 46;
	objects = {

/* Begin PBXBuildFile section */
		1A2061D41E9CB496007BFB91 /* main.m in Sources */ = {isa = PBXBuildFile; fileRef = 1A2061D31E9CB496007BFB91 /* main.m */; };
		1A2061D71E9CB496007BFB91 /* AppDelegate.m in Sources */ = {isa = PBXBuildFile; fileRef = 1A2061D61E9CB496007BFB91 /* AppDelegate.m */; };
		1A2061DD1E9CB496007BFB91 /* Main.storyboard in Resources */ = {isa = PBXBuildFile; fileRef = 1A2061DB1E9CB496007BFB91 /* Main.storyboard */; };
		1A2061DF1E9CB496007BFB91 /* Assets.xcassets in Resources */ = {isa = PBXBuildFile; fileRef = 1A2061DE1E9CB496007BFB91 /* Assets.xcassets */; };
		1A2061E21E9CB496007BFB91 /* LaunchScreen.storyboard in Resources */ = {isa = PBXBuildFile; fileRef = 1A2061E01E9CB496007BFB91 /* LaunchScreen.storyboard */; };
		1A2061ED1E9CB496007BFB91 /* CodeDemoTests.m in Sources */ = {isa = PBXBuildFile; fileRef = 1A2061EC1E9CB496007BFB91 /* CodeDemoTests.m */; };
		1A2061FA1E9CB4E4007BFB91 /* WRNavigationBar.m in Sources */ = {isa = PBXBuildFile; fileRef = 1A2061F91E9CB4E4007BFB91 /* WRNavigationBar.m */; };
		1A5845E61F270D4500A24234 /* LaGouController.m in Sources */ = {isa = PBXBuildFile; fileRef = 1A5845E51F270D4500A24234 /* LaGouController.m */; };
		1A5845FF1F27835100A24234 /* WRImageHelper.m in Sources */ = {isa = PBXBuildFile; fileRef = 1A5845FE1F27835100A24234 /* WRImageHelper.m */; };
		1A7A6BDD1F1B4A5800A602D6 /* BaseViewController.m in Sources */ = {isa = PBXBuildFile; fileRef = 1A7A6BDA1F1B4A5800A602D6 /* BaseViewController.m */; };
		1A7A6BE11F1B4A8600A602D6 /* CustomNavBarController.m in Sources */ = {isa = PBXBuildFile; fileRef = 1A7A6BE01F1B4A8600A602D6 /* CustomNavBarController.m */; };
		1A7A6BE61F1B4A9B00A602D6 /* SecondViewController.m in Sources */ = {isa = PBXBuildFile; fileRef = 1A7A6BE31F1B4A9B00A602D6 /* SecondViewController.m */; };
		1A7A6BE71F1B4A9B00A602D6 /* SixthViewController.m in Sources */ = {isa = PBXBuildFile; fileRef = 1A7A6BE51F1B4A9B00A602D6 /* SixthViewController.m */; };
		1A7A6BF01F1B4AC600A602D6 /* NormalListController.m in Sources */ = {isa = PBXBuildFile; fileRef = 1A7A6BE91F1B4AC600A602D6 /* NormalListController.m */; };
		1A7A6BF11F1B4AC600A602D6 /* QQAppController.m in Sources */ = {isa = PBXBuildFile; fileRef = 1A7A6BEB1F1B4AC600A602D6 /* QQAppController.m */; };
		1A7A6BF21F1B4AC600A602D6 /* QQZoneController.m in Sources */ = {isa = PBXBuildFile; fileRef = 1A7A6BED1F1B4AC600A602D6 /* QQZoneController.m */; };
		1A7A6BF31F1B4AC600A602D6 /* WeiBoMineController.m in Sources */ = {isa = PBXBuildFile; fileRef = 1A7A6BEF1F1B4AC600A602D6 /* WeiBoMineController.m */; };
		1A7A6BF61F1B4AD900A602D6 /* BaseNavigationController.m in Sources */ = {isa = PBXBuildFile; fileRef = 1A7A6BF51F1B4AD900A602D6 /* BaseNavigationController.m */; };
		1A854E481F0BECB10077CAF4 /* ImageNavController.m in Sources */ = {isa = PBXBuildFile; fileRef = 1A854E451F0BECB10077CAF4 /* ImageNavController.m */; };
		1A854E491F0BECB10077CAF4 /* MillcolorGradController.m in Sources */ = {isa = PBXBuildFile; fileRef = 1A854E471F0BECB10077CAF4 /* MillcolorGradController.m */; };
		1AAA1D4B1EEE380400681CB9 /* ZhiHuController.m in Sources */ = {isa = PBXBuildFile; fileRef = 1AAA1D4A1EEE380400681CB9 /* ZhiHuController.m */; };
		1AAA1D4E1EEE480400681CB9 /* QQMineController.m in Sources */ = {isa = PBXBuildFile; fileRef = 1AAA1D4D1EEE480400681CB9 /* QQMineController.m */; };
		1AAA1D511EEE65D000681CB9 /* AntForestController.m in Sources */ = {isa = PBXBuildFile; fileRef = 1AAA1D501EEE65D000681CB9 /* AntForestController.m */; };
		1AADC3921F22F73A00BB73D9 /* AllTransparent.m in Sources */ = {isa = PBXBuildFile; fileRef = 1AADC3911F22F73A00BB73D9 /* AllTransparent.m */; };
		1AAE08E91EE7F3350085C3A2 /* MoveListController.m in Sources */ = {isa = PBXBuildFile; fileRef = 1AAE08E81EE7F3350085C3A2 /* MoveListController.m */; };
		1AAE08EC1EE7F38E0085C3A2 /* CustomListController.m in Sources */ = {isa = PBXBuildFile; fileRef = 1AAE08EB1EE7F38E0085C3A2 /* CustomListController.m */; };
		29F1DC19441470C345522432 /* Pods_CodeDemo.framework in Frameworks */ = {isa = PBXBuildFile; fileRef = BA5025CF19A1273775CA7A2A /* Pods_CodeDemo.framework */; };
		3428F8192011AB1D00724F83 /* TestController.m in Sources */ = {isa = PBXBuildFile; fileRef = 3428F8182011AB1D00724F83 /* TestController.m */; };
		34321EB01FDCE3AD00833E79 /* SpecialController.m in Sources */ = {isa = PBXBuildFile; fileRef = 34321EAF1FDCE3AD00833E79 /* SpecialController.m */; };
		34E384B71F9C358700257F91 /* WRCustomNavigationBar.m in Sources */ = {isa = PBXBuildFile; fileRef = 34E384B61F9C358700257F91 /* WRCustomNavigationBar.m */; };
/* End PBXBuildFile section */

/* Begin PBXContainerItemProxy section */
		1A2061E91E9CB496007BFB91 /* PBXContainerItemProxy */ = {
			isa = PBXContainerItemProxy;
			containerPortal = 1A2061C71E9CB496007BFB91 /* Project object */;
			proxyType = 1;
			remoteGlobalIDString = 1A2061CE1E9CB496007BFB91;
			remoteInfo = CodeDemo;
		};
/* End PBXContainerItemProxy section */

/* Begin PBXFileReference section */
		1A2061CF1E9CB496007BFB91 /* CodeDemo.app */ = {isa = PBXFileReference; explicitFileType = wrapper.application; includeInIndex = 0; path = CodeDemo.app; sourceTree = BUILT_PRODUCTS_DIR; };
		1A2061D31E9CB496007BFB91 /* main.m */ = {isa = PBXFileReference; lastKnownFileType = sourcecode.c.objc; path = main.m; sourceTree = "<group>"; };
		1A2061D51E9CB496007BFB91 /* AppDelegate.h */ = {isa = PBXFileReference; lastKnownFileType = sourcecode.c.h; path = AppDelegate.h; sourceTree = "<group>"; };
		1A2061D61E9CB496007BFB91 /* AppDelegate.m */ = {isa = PBXFileReference; lastKnownFileType = sourcecode.c.objc; path = AppDelegate.m; sourceTree = "<group>"; };
		1A2061DC1E9CB496007BFB91 /* Base */ = {isa = PBXFileReference; lastKnownFileType = file.storyboard; name = Base; path = Base.lproj/Main.storyboard; sourceTree = "<group>"; };
		1A2061DE1E9CB496007BFB91 /* Assets.xcassets */ = {isa = PBXFileReference; lastKnownFileType = folder.assetcatalog; path = Assets.xcassets; sourceTree = "<group>"; };
		1A2061E11E9CB496007BFB91 /* Base */ = {isa = PBXFileReference; lastKnownFileType = file.storyboard; name = Base; path = Base.lproj/LaunchScreen.storyboard; sourceTree = "<group>"; };
		1A2061E31E9CB496007BFB91 /* Info.plist */ = {isa = PBXFileReference; lastKnownFileType = text.plist.xml; path = Info.plist; sourceTree = "<group>"; };
		1A2061E81E9CB496007BFB91 /* CodeDemoTests.xctest */ = {isa = PBXFileReference; explicitFileType = wrapper.cfbundle; includeInIndex = 0; path = CodeDemoTests.xctest; sourceTree = BUILT_PRODUCTS_DIR; };
		1A2061EC1E9CB496007BFB91 /* CodeDemoTests.m */ = {isa = PBXFileReference; lastKnownFileType = sourcecode.c.objc; path = CodeDemoTests.m; sourceTree = "<group>"; };
		1A2061EE1E9CB496007BFB91 /* Info.plist */ = {isa = PBXFileReference; lastKnownFileType = text.plist.xml; path = Info.plist; sourceTree = "<group>"; };
		1A2061F81E9CB4E4007BFB91 /* WRNavigationBar.h */ = {isa = PBXFileReference; fileEncoding = 4; lastKnownFileType = sourcecode.c.h; path = WRNavigationBar.h; sourceTree = "<group>"; };
		1A2061F91E9CB4E4007BFB91 /* WRNavigationBar.m */ = {isa = PBXFileReference; fileEncoding = 4; lastKnownFileType = sourcecode.c.objc; path = WRNavigationBar.m; sourceTree = "<group>"; };
		1A5845E41F270D4500A24234 /* LaGouController.h */ = {isa = PBXFileReference; fileEncoding = 4; lastKnownFileType = sourcecode.c.h; path = LaGouController.h; sourceTree = "<group>"; };
		1A5845E51F270D4500A24234 /* LaGouController.m */ = {isa = PBXFileReference; fileEncoding = 4; lastKnownFileType = sourcecode.c.objc; path = LaGouController.m; sourceTree = "<group>"; };
		1A5845FD1F27835100A24234 /* WRImageHelper.h */ = {isa = PBXFileReference; fileEncoding = 4; lastKnownFileType = sourcecode.c.h; path = WRImageHelper.h; sourceTree = "<group>"; };
		1A5845FE1F27835100A24234 /* WRImageHelper.m */ = {isa = PBXFileReference; fileEncoding = 4; lastKnownFileType = sourcecode.c.objc; path = WRImageHelper.m; sourceTree = "<group>"; };
		1A7A6BD91F1B4A5800A602D6 /* BaseViewController.h */ = {isa = PBXFileReference; fileEncoding = 4; lastKnownFileType = sourcecode.c.h; path = BaseViewController.h; sourceTree = "<group>"; };
		1A7A6BDA1F1B4A5800A602D6 /* BaseViewController.m */ = {isa = PBXFileReference; fileEncoding = 4; lastKnownFileType = sourcecode.c.objc; path = BaseViewController.m; sourceTree = "<group>"; };
		1A7A6BDF1F1B4A8600A602D6 /* CustomNavBarController.h */ = {isa = PBXFileReference; fileEncoding = 4; lastKnownFileType = sourcecode.c.h; path = CustomNavBarController.h; sourceTree = "<group>"; };
		1A7A6BE01F1B4A8600A602D6 /* CustomNavBarController.m */ = {isa = PBXFileReference; fileEncoding = 4; lastKnownFileType = sourcecode.c.objc; path = CustomNavBarController.m; sourceTree = "<group>"; };
		1A7A6BE21F1B4A9B00A602D6 /* SecondViewController.h */ = {isa = PBXFileReference; fileEncoding = 4; lastKnownFileType = sourcecode.c.h; path = SecondViewController.h; sourceTree = "<group>"; };
		1A7A6BE31F1B4A9B00A602D6 /* SecondViewController.m */ = {isa = PBXFileReference; fileEncoding = 4; lastKnownFileType = sourcecode.c.objc; path = SecondViewController.m; sourceTree = "<group>"; };
		1A7A6BE41F1B4A9B00A602D6 /* SixthViewController.h */ = {isa = PBXFileReference; fileEncoding = 4; lastKnownFileType = sourcecode.c.h; path = SixthViewController.h; sourceTree = "<group>"; };
		1A7A6BE51F1B4A9B00A602D6 /* SixthViewController.m */ = {isa = PBXFileReference; fileEncoding = 4; lastKnownFileType = sourcecode.c.objc; path = SixthViewController.m; sourceTree = "<group>"; };
		1A7A6BE81F1B4AC600A602D6 /* NormalListController.h */ = {isa = PBXFileReference; fileEncoding = 4; lastKnownFileType = sourcecode.c.h; path = NormalListController.h; sourceTree = "<group>"; };
		1A7A6BE91F1B4AC600A602D6 /* NormalListController.m */ = {isa = PBXFileReference; fileEncoding = 4; lastKnownFileType = sourcecode.c.objc; path = NormalListController.m; sourceTree = "<group>"; };
		1A7A6BEA1F1B4AC600A602D6 /* QQAppController.h */ = {isa = PBXFileReference; fileEncoding = 4; lastKnownFileType = sourcecode.c.h; path = QQAppController.h; sourceTree = "<group>"; };
		1A7A6BEB1F1B4AC600A602D6 /* QQAppController.m */ = {isa = PBXFileReference; fileEncoding = 4; lastKnownFileType = sourcecode.c.objc; path = QQAppController.m; sourceTree = "<group>"; };
		1A7A6BEC1F1B4AC600A602D6 /* QQZoneController.h */ = {isa = PBXFileReference; fileEncoding = 4; lastKnownFileType = sourcecode.c.h; path = QQZoneController.h; sourceTree = "<group>"; };
		1A7A6BED1F1B4AC600A602D6 /* QQZoneController.m */ = {isa = PBXFileReference; fileEncoding = 4; lastKnownFileType = sourcecode.c.objc; path = QQZoneController.m; sourceTree = "<group>"; };
		1A7A6BEE1F1B4AC600A602D6 /* WeiBoMineController.h */ = {isa = PBXFileReference; fileEncoding = 4; lastKnownFileType = sourcecode.c.h; path = WeiBoMineController.h; sourceTree = "<group>"; };
		1A7A6BEF1F1B4AC600A602D6 /* WeiBoMineController.m */ = {isa = PBXFileReference; fileEncoding = 4; lastKnownFileType = sourcecode.c.objc; path = WeiBoMineController.m; sourceTree = "<group>"; };
		1A7A6BF41F1B4AD900A602D6 /* BaseNavigationController.h */ = {isa = PBXFileReference; fileEncoding = 4; lastKnownFileType = sourcecode.c.h; path = BaseNavigationController.h; sourceTree = "<group>"; };
		1A7A6BF51F1B4AD900A602D6 /* BaseNavigationController.m */ = {isa = PBXFileReference; fileEncoding = 4; lastKnownFileType = sourcecode.c.objc; path = BaseNavigationController.m; sourceTree = "<group>"; };
		1A854E441F0BECB10077CAF4 /* ImageNavController.h */ = {isa = PBXFileReference; fileEncoding = 4; lastKnownFileType = sourcecode.c.h; path = ImageNavController.h; sourceTree = "<group>"; };
		1A854E451F0BECB10077CAF4 /* ImageNavController.m */ = {isa = PBXFileReference; fileEncoding = 4; lastKnownFileType = sourcecode.c.objc; path = ImageNavController.m; sourceTree = "<group>"; };
		1A854E461F0BECB10077CAF4 /* MillcolorGradController.h */ = {isa = PBXFileReference; fileEncoding = 4; lastKnownFileType = sourcecode.c.h; path = MillcolorGradController.h; sourceTree = "<group>"; };
		1A854E471F0BECB10077CAF4 /* MillcolorGradController.m */ = {isa = PBXFileReference; fileEncoding = 4; lastKnownFileType = sourcecode.c.objc; path = MillcolorGradController.m; sourceTree = "<group>"; };
		1AAA1D491EEE380400681CB9 /* ZhiHuController.h */ = {isa = PBXFileReference; fileEncoding = 4; lastKnownFileType = sourcecode.c.h; path = ZhiHuController.h; sourceTree = "<group>"; };
		1AAA1D4A1EEE380400681CB9 /* ZhiHuController.m */ = {isa = PBXFileReference; fileEncoding = 4; lastKnownFileType = sourcecode.c.objc; path = ZhiHuController.m; sourceTree = "<group>"; };
		1AAA1D4C1EEE480400681CB9 /* QQMineController.h */ = {isa = PBXFileReference; fileEncoding = 4; lastKnownFileType = sourcecode.c.h; path = QQMineController.h; sourceTree = "<group>"; };
		1AAA1D4D1EEE480400681CB9 /* QQMineController.m */ = {isa = PBXFileReference; fileEncoding = 4; lastKnownFileType = sourcecode.c.objc; path = QQMineController.m; sourceTree = "<group>"; };
		1AAA1D4F1EEE65D000681CB9 /* AntForestController.h */ = {isa = PBXFileReference; fileEncoding = 4; lastKnownFileType = sourcecode.c.h; path = AntForestController.h; sourceTree = "<group>"; };
		1AAA1D501EEE65D000681CB9 /* AntForestController.m */ = {isa = PBXFileReference; fileEncoding = 4; lastKnownFileType = sourcecode.c.objc; path = AntForestController.m; sourceTree = "<group>"; };
		1AADC3901F22F73A00BB73D9 /* AllTransparent.h */ = {isa = PBXFileReference; fileEncoding = 4; lastKnownFileType = sourcecode.c.h; path = AllTransparent.h; sourceTree = "<group>"; };
		1AADC3911F22F73A00BB73D9 /* AllTransparent.m */ = {isa = PBXFileReference; fileEncoding = 4; lastKnownFileType = sourcecode.c.objc; path = AllTransparent.m; sourceTree = "<group>"; };
		1AAE08E71EE7F3350085C3A2 /* MoveListController.h */ = {isa = PBXFileReference; fileEncoding = 4; lastKnownFileType = sourcecode.c.h; path = MoveListController.h; sourceTree = "<group>"; };
		1AAE08E81EE7F3350085C3A2 /* MoveListController.m */ = {isa = PBXFileReference; fileEncoding = 4; lastKnownFileType = sourcecode.c.objc; path = MoveListController.m; sourceTree = "<group>"; };
		1AAE08EA1EE7F38E0085C3A2 /* CustomListController.h */ = {isa = PBXFileReference; fileEncoding = 4; lastKnownFileType = sourcecode.c.h; path = CustomListController.h; sourceTree = "<group>"; };
		1AAE08EB1EE7F38E0085C3A2 /* CustomListController.m */ = {isa = PBXFileReference; fileEncoding = 4; lastKnownFileType = sourcecode.c.objc; path = CustomListController.m; sourceTree = "<group>"; };
		3428F8172011AB1D00724F83 /* TestController.h */ = {isa = PBXFileReference; lastKnownFileType = sourcecode.c.h; path = TestController.h; sourceTree = "<group>"; };
		3428F8182011AB1D00724F83 /* TestController.m */ = {isa = PBXFileReference; lastKnownFileType = sourcecode.c.objc; path = TestController.m; sourceTree = "<group>"; };
		34321EAE1FDCE3AD00833E79 /* SpecialController.h */ = {isa = PBXFileReference; lastKnownFileType = sourcecode.c.h; path = SpecialController.h; sourceTree = "<group>"; };
		34321EAF1FDCE3AD00833E79 /* SpecialController.m */ = {isa = PBXFileReference; lastKnownFileType = sourcecode.c.objc; path = SpecialController.m; sourceTree = "<group>"; };
		34E384B51F9C358700257F91 /* WRCustomNavigationBar.h */ = {isa = PBXFileReference; lastKnownFileType = sourcecode.c.h; path = WRCustomNavigationBar.h; sourceTree = "<group>"; };
		34E384B61F9C358700257F91 /* WRCustomNavigationBar.m */ = {isa = PBXFileReference; lastKnownFileType = sourcecode.c.objc; path = WRCustomNavigationBar.m; sourceTree = "<group>"; };
		37581D1AF27611119D8AA286 /* Pods-CodeDemo.debug.xcconfig */ = {isa = PBXFileReference; includeInIndex = 1; lastKnownFileType = text.xcconfig; name = "Pods-CodeDemo.debug.xcconfig"; path = "Pods/Target Support Files/Pods-CodeDemo/Pods-CodeDemo.debug.xcconfig"; sourceTree = "<group>"; };
		BA5025CF19A1273775CA7A2A /* Pods_CodeDemo.framework */ = {isa = PBXFileReference; explicitFileType = wrapper.framework; includeInIndex = 0; path = Pods_CodeDemo.framework; sourceTree = BUILT_PRODUCTS_DIR; };
		CD02850717C2C54F9C2585E9 /* Pods-CodeDemo.release.xcconfig */ = {isa = PBXFileReference; includeInIndex = 1; lastKnownFileType = text.xcconfig; name = "Pods-CodeDemo.release.xcconfig"; path = "Pods/Target Support Files/Pods-CodeDemo/Pods-CodeDemo.release.xcconfig"; sourceTree = "<group>"; };
/* End PBXFileReference section */

/* Begin PBXFrameworksBuildPhase section */
		1A2061CC1E9CB496007BFB91 /* Frameworks */ = {
			isa = PBXFrameworksBuildPhase;
			buildActionMask = 2147483647;
			files = (
				29F1DC19441470C345522432 /* Pods_CodeDemo.framework in Frameworks */,
			);
			runOnlyForDeploymentPostprocessing = 0;
		};
		1A2061E51E9CB496007BFB91 /* Frameworks */ = {
			isa = PBXFrameworksBuildPhase;
			buildActionMask = 2147483647;
			files = (
			);
			runOnlyForDeploymentPostprocessing = 0;
		};
/* End PBXFrameworksBuildPhase section */

/* Begin PBXGroup section */
		1A2061C61E9CB496007BFB91 = {
			isa = PBXGroup;
			children = (
				1A2061D11E9CB496007BFB91 /* CodeDemo */,
				1A2061EB1E9CB496007BFB91 /* CodeDemoTests */,
				1A2061D01E9CB496007BFB91 /* Products */,
				927F9EB9E385179D289EBE2B /* Pods */,
				62EC5690FBC98871C2DC2957 /* Frameworks */,
			);
			sourceTree = "<group>";
		};
		1A2061D01E9CB496007BFB91 /* Products */ = {
			isa = PBXGroup;
			children = (
				1A2061CF1E9CB496007BFB91 /* CodeDemo.app */,
				1A2061E81E9CB496007BFB91 /* CodeDemoTests.xctest */,
			);
			name = Products;
			sourceTree = "<group>";
		};
		1A2061D11E9CB496007BFB91 /* CodeDemo */ = {
			isa = PBXGroup;
			children = (
				1A2061D51E9CB496007BFB91 /* AppDelegate.h */,
				1A2061D61E9CB496007BFB91 /* AppDelegate.m */,
				1A7A6BF41F1B4AD900A602D6 /* BaseNavigationController.h */,
				1A7A6BF51F1B4AD900A602D6 /* BaseNavigationController.m */,
				1A5845FC1F2782B300A24234 /* WRImageHelper */,
				1A2061F71E9CB4E4007BFB91 /* WRNavigationBar */,
				1A3807831EE453E000F349D7 /* 普通 */,
				1A3807851EE453E000F349D7 /* 自定义导航栏 */,
				1A3807841EE453E000F349D7 /* 移动导航栏 */,
				1A2061DB1E9CB496007BFB91 /* Main.storyboard */,
				1A2061DE1E9CB496007BFB91 /* Assets.xcassets */,
				1A2061E01E9CB496007BFB91 /* LaunchScreen.storyboard */,
				1A2061E31E9CB496007BFB91 /* Info.plist */,
				1A2061D21E9CB496007BFB91 /* Supporting Files */,
			);
			path = CodeDemo;
			sourceTree = "<group>";
		};
		1A2061D21E9CB496007BFB91 /* Supporting Files */ = {
			isa = PBXGroup;
			children = (
				1A2061D31E9CB496007BFB91 /* main.m */,
			);
			name = "Supporting Files";
			sourceTree = "<group>";
		};
		1A2061EB1E9CB496007BFB91 /* CodeDemoTests */ = {
			isa = PBXGroup;
			children = (
				1A2061EC1E9CB496007BFB91 /* CodeDemoTests.m */,
				1A2061EE1E9CB496007BFB91 /* Info.plist */,
			);
			path = CodeDemoTests;
			sourceTree = "<group>";
		};
		1A2061F71E9CB4E4007BFB91 /* WRNavigationBar */ = {
			isa = PBXGroup;
			children = (
				1A2061F81E9CB4E4007BFB91 /* WRNavigationBar.h */,
				1A2061F91E9CB4E4007BFB91 /* WRNavigationBar.m */,
				34E384B51F9C358700257F91 /* WRCustomNavigationBar.h */,
				34E384B61F9C358700257F91 /* WRCustomNavigationBar.m */,
			);
			path = WRNavigationBar;
			sourceTree = "<group>";
		};
		1A3807831EE453E000F349D7 /* 普通 */ = {
			isa = PBXGroup;
			children = (
				1A7A6BE81F1B4AC600A602D6 /* NormalListController.h */,
				1A7A6BE91F1B4AC600A602D6 /* NormalListController.m */,
				1A7A6BEA1F1B4AC600A602D6 /* QQAppController.h */,
				1A7A6BEB1F1B4AC600A602D6 /* QQAppController.m */,
				1A7A6BEC1F1B4AC600A602D6 /* QQZoneController.h */,
				1A7A6BED1F1B4AC600A602D6 /* QQZoneController.m */,
				1A7A6BEE1F1B4AC600A602D6 /* WeiBoMineController.h */,
				1A7A6BEF1F1B4AC600A602D6 /* WeiBoMineController.m */,
				1AAA1D491EEE380400681CB9 /* ZhiHuController.h */,
				1AAA1D4A1EEE380400681CB9 /* ZhiHuController.m */,
				1AAA1D4C1EEE480400681CB9 /* QQMineController.h */,
				1AAA1D4D1EEE480400681CB9 /* QQMineController.m */,
				1AAA1D4F1EEE65D000681CB9 /* AntForestController.h */,
				1AAA1D501EEE65D000681CB9 /* AntForestController.m */,
				1AADC3901F22F73A00BB73D9 /* AllTransparent.h */,
				1AADC3911F22F73A00BB73D9 /* AllTransparent.m */,
				1A5845E41F270D4500A24234 /* LaGouController.h */,
				1A5845E51F270D4500A24234 /* LaGouController.m */,
				34321EAE1FDCE3AD00833E79 /* SpecialController.h */,
				34321EAF1FDCE3AD00833E79 /* SpecialController.m */,
				3428F8172011AB1D00724F83 /* TestController.h */,
				3428F8182011AB1D00724F83 /* TestController.m */,
			);
			path = "普通";
			sourceTree = "<group>";
		};
		1A3807841EE453E000F349D7 /* 移动导航栏 */ = {
			isa = PBXGroup;
			children = (
				1AAE08E71EE7F3350085C3A2 /* MoveListController.h */,
				1AAE08E81EE7F3350085C3A2 /* MoveListController.m */,
				1A7A6BE21F1B4A9B00A602D6 /* SecondViewController.h */,
				1A7A6BE31F1B4A9B00A602D6 /* SecondViewController.m */,
				1A7A6BE41F1B4A9B00A602D6 /* SixthViewController.h */,
				1A7A6BE51F1B4A9B00A602D6 /* SixthViewController.m */,
			);
			path = "移动导航栏";
			sourceTree = "<group>";
		};
		1A3807851EE453E000F349D7 /* 自定义导航栏 */ = {
			isa = PBXGroup;
			children = (
				1A7A6BD91F1B4A5800A602D6 /* BaseViewController.h */,
				1A7A6BDA1F1B4A5800A602D6 /* BaseViewController.m */,
				1AAE08EA1EE7F38E0085C3A2 /* CustomListController.h */,
				1AAE08EB1EE7F38E0085C3A2 /* CustomListController.m */,
				1A7A6BDF1F1B4A8600A602D6 /* CustomNavBarController.h */,
				1A7A6BE01F1B4A8600A602D6 /* CustomNavBarController.m */,
				1A854E441F0BECB10077CAF4 /* ImageNavController.h */,
				1A854E451F0BECB10077CAF4 /* ImageNavController.m */,
				1A854E461F0BECB10077CAF4 /* MillcolorGradController.h */,
				1A854E471F0BECB10077CAF4 /* MillcolorGradController.m */,
			);
			path = "自定义导航栏";
			sourceTree = "<group>";
		};
		1A5845FC1F2782B300A24234 /* WRImageHelper */ = {
			isa = PBXGroup;
			children = (
				1A5845FD1F27835100A24234 /* WRImageHelper.h */,
				1A5845FE1F27835100A24234 /* WRImageHelper.m */,
			);
			path = WRImageHelper;
			sourceTree = "<group>";
		};
		62EC5690FBC98871C2DC2957 /* Frameworks */ = {
			isa = PBXGroup;
			children = (
				BA5025CF19A1273775CA7A2A /* Pods_CodeDemo.framework */,
			);
			name = Frameworks;
			sourceTree = "<group>";
		};
		927F9EB9E385179D289EBE2B /* Pods */ = {
			isa = PBXGroup;
			children = (
				37581D1AF27611119D8AA286 /* Pods-CodeDemo.debug.xcconfig */,
				CD02850717C2C54F9C2585E9 /* Pods-CodeDemo.release.xcconfig */,
			);
			name = Pods;
			sourceTree = "<group>";
		};
/* End PBXGroup section */

/* Begin PBXNativeTarget section */
		1A2061CE1E9CB496007BFB91 /* CodeDemo */ = {
			isa = PBXNativeTarget;
			buildConfigurationList = 1A2061F11E9CB496007BFB91 /* Build configuration list for PBXNativeTarget "CodeDemo" */;
			buildPhases = (
				C1144A7FC86B85BEC474CD53 /* [CP] Check Pods Manifest.lock */,
				1A2061CB1E9CB496007BFB91 /* Sources */,
				1A2061CC1E9CB496007BFB91 /* Frameworks */,
				1A2061CD1E9CB496007BFB91 /* Resources */,
				0277B9715B8BF91905DF502F /* [CP] Embed Pods Frameworks */,
				51852EF6DFAA4E59EDA5B7F2 /* [CP] Copy Pods Resources */,
			);
			buildRules = (
			);
			dependencies = (
			);
			name = CodeDemo;
			productName = CodeDemo;
			productReference = 1A2061CF1E9CB496007BFB91 /* CodeDemo.app */;
			productType = "com.apple.product-type.application";
		};
		1A2061E71E9CB496007BFB91 /* CodeDemoTests */ = {
			isa = PBXNativeTarget;
			buildConfigurationList = 1A2061F41E9CB496007BFB91 /* Build configuration list for PBXNativeTarget "CodeDemoTests" */;
			buildPhases = (
				1A2061E41E9CB496007BFB91 /* Sources */,
				1A2061E51E9CB496007BFB91 /* Frameworks */,
				1A2061E61E9CB496007BFB91 /* Resources */,
			);
			buildRules = (
			);
			dependencies = (
				1A2061EA1E9CB496007BFB91 /* PBXTargetDependency */,
			);
			name = CodeDemoTests;
			productName = CodeDemoTests;
			productReference = 1A2061E81E9CB496007BFB91 /* CodeDemoTests.xctest */;
			productType = "com.apple.product-type.bundle.unit-test";
		};
/* End PBXNativeTarget section */

/* Begin PBXProject section */
		1A2061C71E9CB496007BFB91 /* Project object */ = {
			isa = PBXProject;
			attributes = {
				LastUpgradeCheck = 0810;
				ORGANIZATIONNAME = wangrui;
				TargetAttributes = {
					1A2061CE1E9CB496007BFB91 = {
						CreatedOnToolsVersion = 8.1;
						DevelopmentTeam = 652U6LDTX4;
						ProvisioningStyle = Automatic;
					};
					1A2061E71E9CB496007BFB91 = {
						CreatedOnToolsVersion = 8.1;
						DevelopmentTeam = 652U6LDTX4;
						ProvisioningStyle = Automatic;
						TestTargetID = 1A2061CE1E9CB496007BFB91;
					};
				};
			};
			buildConfigurationList = 1A2061CA1E9CB496007BFB91 /* Build configuration list for PBXProject "CodeDemo" */;
			compatibilityVersion = "Xcode 3.2";
			developmentRegion = English;
			hasScannedForEncodings = 0;
			knownRegions = (
				en,
				Base,
			);
			mainGroup = 1A2061C61E9CB496007BFB91;
			productRefGroup = 1A2061D01E9CB496007BFB91 /* Products */;
			projectDirPath = "";
			projectRoot = "";
			targets = (
				1A2061CE1E9CB496007BFB91 /* CodeDemo */,
				1A2061E71E9CB496007BFB91 /* CodeDemoTests */,
			);
		};
/* End PBXProject section */

/* Begin PBXResourcesBuildPhase section */
		1A2061CD1E9CB496007BFB91 /* Resources */ = {
			isa = PBXResourcesBuildPhase;
			buildActionMask = 2147483647;
			files = (
				1A2061E21E9CB496007BFB91 /* LaunchScreen.storyboard in Resources */,
				1A2061DF1E9CB496007BFB91 /* Assets.xcassets in Resources */,
				1A2061DD1E9CB496007BFB91 /* Main.storyboard in Resources */,
			);
			runOnlyForDeploymentPostprocessing = 0;
		};
		1A2061E61E9CB496007BFB91 /* Resources */ = {
			isa = PBXResourcesBuildPhase;
			buildActionMask = 2147483647;
			files = (
			);
			runOnlyForDeploymentPostprocessing = 0;
		};
/* End PBXResourcesBuildPhase section */

/* Begin PBXShellScriptBuildPhase section */
		0277B9715B8BF91905DF502F /* [CP] Embed Pods Frameworks */ = {
			isa = PBXShellScriptBuildPhase;
			buildActionMask = 2147483647;
			files = (
			);
			inputPaths = (
				"${SRCROOT}/Pods/Target Support Files/Pods-CodeDemo/Pods-CodeDemo-frameworks.sh",
				"${BUILT_PRODUCTS_DIR}/IQKeyboardManager/IQKeyboardManager.framework",
				"${BUILT_PRODUCTS_DIR}/SDCycleScrollView/SDCycleScrollView.framework",
				"${BUILT_PRODUCTS_DIR}/SDWebImage/SDWebImage.framework",
				"${BUILT_PRODUCTS_DIR}/TZImagePickerController/TZImagePickerController.framework",
			);
			name = "[CP] Embed Pods Frameworks";
			outputPaths = (
				"${TARGET_BUILD_DIR}/${FRAMEWORKS_FOLDER_PATH}/IQKeyboardManager.framework",
				"${TARGET_BUILD_DIR}/${FRAMEWORKS_FOLDER_PATH}/SDCycleScrollView.framework",
				"${TARGET_BUILD_DIR}/${FRAMEWORKS_FOLDER_PATH}/SDWebImage.framework",
				"${TARGET_BUILD_DIR}/${FRAMEWORKS_FOLDER_PATH}/TZImagePickerController.framework",
			);
			runOnlyForDeploymentPostprocessing = 0;
			shellPath = /bin/sh;
			shellScript = "\"${SRCROOT}/Pods/Target Support Files/Pods-CodeDemo/Pods-CodeDemo-frameworks.sh\"\n";
			showEnvVarsInLog = 0;
		};
		51852EF6DFAA4E59EDA5B7F2 /* [CP] Copy Pods Resources */ = {
			isa = PBXShellScriptBuildPhase;
			buildActionMask = 2147483647;
			files = (
			);
			inputPaths = (
			);
			name = "[CP] Copy Pods Resources";
			outputPaths = (
			);
			runOnlyForDeploymentPostprocessing = 0;
			shellPath = /bin/sh;
			shellScript = "\"${SRCROOT}/Pods/Target Support Files/Pods-CodeDemo/Pods-CodeDemo-resources.sh\"\n";
			showEnvVarsInLog = 0;
		};
		C1144A7FC86B85BEC474CD53 /* [CP] Check Pods Manifest.lock */ = {
			isa = PBXShellScriptBuildPhase;
			buildActionMask = 2147483647;
			files = (
			);
			inputPaths = (
				"${PODS_PODFILE_DIR_PATH}/Podfile.lock",
				"${PODS_ROOT}/Manifest.lock",
			);
			name = "[CP] Check Pods Manifest.lock";
			outputPaths = (
				"$(DERIVED_FILE_DIR)/Pods-CodeDemo-checkManifestLockResult.txt",
			);
			runOnlyForDeploymentPostprocessing = 0;
			shellPath = /bin/sh;
			shellScript = "diff \"${PODS_PODFILE_DIR_PATH}/Podfile.lock\" \"${PODS_ROOT}/Manifest.lock\" > /dev/null\nif [ $? != 0 ] ; then\n    # print error to STDERR\n    echo \"error: The sandbox is not in sync with the Podfile.lock. Run 'pod install' or update your CocoaPods installation.\" >&2\n    exit 1\nfi\n# This output is used by Xcode 'outputs' to avoid re-running this script phase.\necho \"SUCCESS\" > \"${SCRIPT_OUTPUT_FILE_0}\"\n";
			showEnvVarsInLog = 0;
		};
/* End PBXShellScriptBuildPhase section */

/* Begin PBXSourcesBuildPhase section */
		1A2061CB1E9CB496007BFB91 /* Sources */ = {
			isa = PBXSourcesBuildPhase;
			buildActionMask = 2147483647;
			files = (
				1A7A6BE61F1B4A9B00A602D6 /* SecondViewController.m in Sources */,
				34E384B71F9C358700257F91 /* WRCustomNavigationBar.m in Sources */,
				1A7A6BDD1F1B4A5800A602D6 /* BaseViewController.m in Sources */,
				1A5845E61F270D4500A24234 /* LaGouController.m in Sources */,
				1A7A6BF21F1B4AC600A602D6 /* QQZoneController.m in Sources */,
				1AAA1D4E1EEE480400681CB9 /* QQMineController.m in Sources */,
				1A7A6BF61F1B4AD900A602D6 /* BaseNavigationController.m in Sources */,
				1A2061D71E9CB496007BFB91 /* AppDelegate.m in Sources */,
				1A7A6BF31F1B4AC600A602D6 /* WeiBoMineController.m in Sources */,
				1AAA1D4B1EEE380400681CB9 /* ZhiHuController.m in Sources */,
				1A2061FA1E9CB4E4007BFB91 /* WRNavigationBar.m in Sources */,
				34321EB01FDCE3AD00833E79 /* SpecialController.m in Sources */,
				1A7A6BE11F1B4A8600A602D6 /* CustomNavBarController.m in Sources */,
				1AAE08E91EE7F3350085C3A2 /* MoveListController.m in Sources */,
				3428F8192011AB1D00724F83 /* TestController.m in Sources */,
				1AAE08EC1EE7F38E0085C3A2 /* CustomListController.m in Sources */,
				1A7A6BF11F1B4AC600A602D6 /* QQAppController.m in Sources */,
				1A854E491F0BECB10077CAF4 /* MillcolorGradController.m in Sources */,
				1A854E481F0BECB10077CAF4 /* ImageNavController.m in Sources */,
				1AAA1D511EEE65D000681CB9 /* AntForestController.m in Sources */,
				1A7A6BE71F1B4A9B00A602D6 /* SixthViewController.m in Sources */,
				1A5845FF1F27835100A24234 /* WRImageHelper.m in Sources */,
				1A7A6BF01F1B4AC600A602D6 /* NormalListController.m in Sources */,
				1AADC3921F22F73A00BB73D9 /* AllTransparent.m in Sources */,
				1A2061D41E9CB496007BFB91 /* main.m in Sources */,
			);
			runOnlyForDeploymentPostprocessing = 0;
		};
		1A2061E41E9CB496007BFB91 /* Sources */ = {
			isa = PBXSourcesBuildPhase;
			buildActionMask = 2147483647;
			files = (
				1A2061ED1E9CB496007BFB91 /* CodeDemoTests.m in Sources */,
			);
			runOnlyForDeploymentPostprocessing = 0;
		};
/* End PBXSourcesBuildPhase section */

/* Begin PBXTargetDependency section */
		1A2061EA1E9CB496007BFB91 /* PBXTargetDependency */ = {
			isa = PBXTargetDependency;
			target = 1A2061CE1E9CB496007BFB91 /* CodeDemo */;
			targetProxy = 1A2061E91E9CB496007BFB91 /* PBXContainerItemProxy */;
		};
/* End PBXTargetDependency section */

/* Begin PBXVariantGroup section */
		1A2061DB1E9CB496007BFB91 /* Main.storyboard */ = {
			isa = PBXVariantGroup;
			children = (
				1A2061DC1E9CB496007BFB91 /* Base */,
			);
			name = Main.storyboard;
			sourceTree = "<group>";
		};
		1A2061E01E9CB496007BFB91 /* LaunchScreen.storyboard */ = {
			isa = PBXVariantGroup;
			children = (
				1A2061E11E9CB496007BFB91 /* Base */,
			);
			name = LaunchScreen.storyboard;
			sourceTree = "<group>";
		};
/* End PBXVariantGroup section */

/* Begin XCBuildConfiguration section */
		1A2061EF1E9CB496007BFB91 /* Debug */ = {
			isa = XCBuildConfiguration;
			buildSettings = {
				ALWAYS_SEARCH_USER_PATHS = NO;
				CLANG_ANALYZER_NONNULL = YES;
				CLANG_CXX_LANGUAGE_STANDARD = "gnu++0x";
				CLANG_CXX_LIBRARY = "libc++";
				CLANG_ENABLE_MODULES = YES;
				CLANG_ENABLE_OBJC_ARC = YES;
				CLANG_WARN_BOOL_CONVERSION = YES;
				CLANG_WARN_CONSTANT_CONVERSION = YES;
				CLANG_WARN_DIRECT_OBJC_ISA_USAGE = YES_ERROR;
				CLANG_WARN_DOCUMENTATION_COMMENTS = YES;
				CLANG_WARN_EMPTY_BODY = YES;
				CLANG_WARN_ENUM_CONVERSION = YES;
				CLANG_WARN_INFINITE_RECURSION = YES;
				CLANG_WARN_INT_CONVERSION = YES;
				CLANG_WARN_OBJC_ROOT_CLASS = YES_ERROR;
				CLANG_WARN_SUSPICIOUS_MOVES = YES;
				CLANG_WARN_UNREACHABLE_CODE = YES;
				CLANG_WARN__DUPLICATE_METHOD_MATCH = YES;
				"CODE_SIGN_IDENTITY[sdk=iphoneos*]" = "iPhone Developer";
				COPY_PHASE_STRIP = NO;
				DEBUG_INFORMATION_FORMAT = dwarf;
				ENABLE_STRICT_OBJC_MSGSEND = YES;
				ENABLE_TESTABILITY = YES;
				GCC_C_LANGUAGE_STANDARD = gnu99;
				GCC_DYNAMIC_NO_PIC = NO;
				GCC_NO_COMMON_BLOCKS = YES;
				GCC_OPTIMIZATION_LEVEL = 0;
				GCC_PREPROCESSOR_DEFINITIONS = (
					"DEBUG=1",
					"$(inherited)",
				);
				GCC_WARN_64_TO_32_BIT_CONVERSION = YES;
				GCC_WARN_ABOUT_RETURN_TYPE = YES_ERROR;
				GCC_WARN_UNDECLARED_SELECTOR = YES;
				GCC_WARN_UNINITIALIZED_AUTOS = YES_AGGRESSIVE;
				GCC_WARN_UNUSED_FUNCTION = YES;
				GCC_WARN_UNUSED_VARIABLE = YES;
				IPHONEOS_DEPLOYMENT_TARGET = 10.1;
				MTL_ENABLE_DEBUG_INFO = YES;
				ONLY_ACTIVE_ARCH = YES;
				SDKROOT = iphoneos;
				TARGETED_DEVICE_FAMILY = "1,2";
			};
			name = Debug;
		};
		1A2061F01E9CB496007BFB91 /* Release */ = {
			isa = XCBuildConfiguration;
			buildSettings = {
				ALWAYS_SEARCH_USER_PATHS = NO;
				CLANG_ANALYZER_NONNULL = YES;
				CLANG_CXX_LANGUAGE_STANDARD = "gnu++0x";
				CLANG_CXX_LIBRARY = "libc++";
				CLANG_ENABLE_MODULES = YES;
				CLANG_ENABLE_OBJC_ARC = YES;
				CLANG_WARN_BOOL_CONVERSION = YES;
				CLANG_WARN_CONSTANT_CONVERSION = YES;
				CLANG_WARN_DIRECT_OBJC_ISA_USAGE = YES_ERROR;
				CLANG_WARN_DOCUMENTATION_COMMENTS = YES;
				CLANG_WARN_EMPTY_BODY = YES;
				CLANG_WARN_ENUM_CONVERSION = YES;
				CLANG_WARN_INFINITE_RECURSION = YES;
				CLANG_WARN_INT_CONVERSION = YES;
				CLANG_WARN_OBJC_ROOT_CLASS = YES_ERROR;
				CLANG_WARN_SUSPICIOUS_MOVES = YES;
				CLANG_WARN_UNREACHABLE_CODE = YES;
				CLANG_WARN__DUPLICATE_METHOD_MATCH = YES;
				"CODE_SIGN_IDENTITY[sdk=iphoneos*]" = "iPhone Developer";
				COPY_PHASE_STRIP = NO;
				DEBUG_INFORMATION_FORMAT = "dwarf-with-dsym";
				ENABLE_NS_ASSERTIONS = NO;
				ENABLE_STRICT_OBJC_MSGSEND = YES;
				GCC_C_LANGUAGE_STANDARD = gnu99;
				GCC_NO_COMMON_BLOCKS = YES;
				GCC_WARN_64_TO_32_BIT_CONVERSION = YES;
				GCC_WARN_ABOUT_RETURN_TYPE = YES_ERROR;
				GCC_WARN_UNDECLARED_SELECTOR = YES;
				GCC_WARN_UNINITIALIZED_AUTOS = YES_AGGRESSIVE;
				GCC_WARN_UNUSED_FUNCTION = YES;
				GCC_WARN_UNUSED_VARIABLE = YES;
				IPHONEOS_DEPLOYMENT_TARGET = 10.1;
				MTL_ENABLE_DEBUG_INFO = NO;
				SDKROOT = iphoneos;
				TARGETED_DEVICE_FAMILY = "1,2";
				VALIDATE_PRODUCT = YES;
			};
			name = Release;
		};
		1A2061F21E9CB496007BFB91 /* Debug */ = {
			isa = XCBuildConfiguration;
			baseConfigurationReference = 37581D1AF27611119D8AA286 /* Pods-CodeDemo.debug.xcconfig */;
			buildSettings = {
				ASSETCATALOG_COMPILER_APPICON_NAME = AppIcon;
				CODE_SIGN_IDENTITY = "iPhone Developer";
				"CODE_SIGN_IDENTITY[sdk=iphoneos*]" = "iPhone Developer";
				DEFINES_MODULE = YES;
				DEVELOPMENT_TEAM = 652U6LDTX4;
				ENABLE_BITCODE = NO;
				INFOPLIST_FILE = CodeDemo/Info.plist;
				IPHONEOS_DEPLOYMENT_TARGET = 8.0;
				LD_RUNPATH_SEARCH_PATHS = "$(inherited) @executable_path/Frameworks";
				PRODUCT_BUNDLE_IDENTIFIER = video.com.wangrui460;
				PRODUCT_NAME = "$(TARGET_NAME)";
				PROVISIONING_PROFILE_SPECIFIER = "";
				TARGETED_DEVICE_FAMILY = 1;
			};
			name = Debug;
		};
		1A2061F31E9CB496007BFB91 /* Release */ = {
			isa = XCBuildConfiguration;
			baseConfigurationReference = CD02850717C2C54F9C2585E9 /* Pods-CodeDemo.release.xcconfig */;
			buildSettings = {
				ASSETCATALOG_COMPILER_APPICON_NAME = AppIcon;
				CODE_SIGN_IDENTITY = "iPhone Developer";
				"CODE_SIGN_IDENTITY[sdk=iphoneos*]" = "iPhone Developer";
				DEFINES_MODULE = YES;
				DEVELOPMENT_TEAM = 652U6LDTX4;
				ENABLE_BITCODE = NO;
				INFOPLIST_FILE = CodeDemo/Info.plist;
				IPHONEOS_DEPLOYMENT_TARGET = 8.0;
				LD_RUNPATH_SEARCH_PATHS = "$(inherited) @executable_path/Frameworks";
				PRODUCT_BUNDLE_IDENTIFIER = video.com.wangrui460;
				PRODUCT_NAME = "$(TARGET_NAME)";
				PROVISIONING_PROFILE_SPECIFIER = "";
				TARGETED_DEVICE_FAMILY = 1;
			};
			name = Release;
		};
		1A2061F51E9CB496007BFB91 /* Debug */ = {
			isa = XCBuildConfiguration;
			buildSettings = {
				BUNDLE_LOADER = "$(TEST_HOST)";
				DEVELOPMENT_TEAM = 652U6LDTX4;
				INFOPLIST_FILE = CodeDemoTests/Info.plist;
				LD_RUNPATH_SEARCH_PATHS = "$(inherited) @executable_path/Frameworks @loader_path/Frameworks";
				PRODUCT_BUNDLE_IDENTIFIER = video.wangrui.com.CodeDemoTests;
				PRODUCT_NAME = "$(TARGET_NAME)";
				TEST_HOST = "$(BUILT_PRODUCTS_DIR)/CodeDemo.app/CodeDemo";
			};
			name = Debug;
		};
		1A2061F61E9CB496007BFB91 /* Release */ = {
			isa = XCBuildConfiguration;
			buildSettings = {
				BUNDLE_LOADER = "$(TEST_HOST)";
				DEVELOPMENT_TEAM = 652U6LDTX4;
				INFOPLIST_FILE = CodeDemoTests/Info.plist;
				LD_RUNPATH_SEARCH_PATHS = "$(inherited) @executable_path/Frameworks @loader_path/Frameworks";
				PRODUCT_BUNDLE_IDENTIFIER = video.wangrui.com.CodeDemoTests;
				PRODUCT_NAME = "$(TARGET_NAME)";
				TEST_HOST = "$(BUILT_PRODUCTS_DIR)/CodeDemo.app/CodeDemo";
			};
			name = Release;
		};
/* End XCBuildConfiguration section */

/* Begin XCConfigurationList section */
		1A2061CA1E9CB496007BFB91 /* Build configuration list for PBXProject "CodeDemo" */ = {
			isa = XCConfigurationList;
			buildConfigurations = (
				1A2061EF1E9CB496007BFB91 /* Debug */,
				1A2061F01E9CB496007BFB91 /* Release */,
			);
			defaultConfigurationIsVisible = 0;
			defaultConfigurationName = Release;
		};
		1A2061F11E9CB496007BFB91 /* Build configuration list for PBXNativeTarget "CodeDemo" */ = {
			isa = XCConfigurationList;
			buildConfigurations = (
				1A2061F21E9CB496007BFB91 /* Debug */,
				1A2061F31E9CB496007BFB91 /* Release */,
			);
			defaultConfigurationIsVisible = 0;
			defaultConfigurationName = Release;
		};
		1A2061F41E9CB496007BFB91 /* Build configuration list for PBXNativeTarget "CodeDemoTests" */ = {
			isa = XCConfigurationList;
			buildConfigurations = (
				1A2061F51E9CB496007BFB91 /* Debug */,
				1A2061F61E9CB496007BFB91 /* Release */,
			);
			defaultConfigurationIsVisible = 0;
			defaultConfigurationName = Release;
		};
/* End XCConfigurationList section */
	};
	rootObject = 1A2061C71E9CB496007BFB91 /* Project object */;
}
