PODS:
  - IQKeyboardManager (6.5.6)
  - SDCycleScrollView (1.65):
    - SDWebImage (~> 3.7)
  - SDWebImage (3.7.6):
    - SDWebImage/Core (= 3.7.6)
  - SDWebImage/Core (3.7.6)
  - TZImagePickerController (1.9.8)

DEPENDENCIES:
  - IQKeyboardManager (~> 6.5.6)
  - SDCycleScrollView (~> 1.64)
  - SDWebImage (~> 3.7.6)
  - TZImagePickerController

SPEC REPOS:
  trunk:
    - IQKeyboardManager
    - SDCycleScrollView
    - SDWebImage
    - TZImagePickerController

SPEC CHECKSUMS:
  IQKeyboardManager: 2a6e97afdafc7becf0cb17a9a8d795e3a980717f
  SDCycleScrollView: f72904c77698a7f93a41bcbbc2d78b073bf7326c
  SDWebImage: c325cf02c30337336b95beff20a13df489ec0ec9
  TZImagePickerController: 3b9413ae5d049b1fdc5b0c720ad283f35b679a50

PODFILE CHECKSUM: 012d0f11e1ca916afee8fc72555e17e5d422f5d8

COCOAPODS: 1.10.1
